
Microsoft Visual Studio Solution File, Format Version 12.00
# Visual Studio Version 17
VisualStudioVersion = 17.9.34622.214
MinimumVisualStudioVersion = 10.0.40219.1
Project("{9A19103F-16F7-4668-BE54-9A1E7A4F7556}") = "Corathing.Organizer", "src\Apps\Corathing.Organizer\Corathing.Organizer.csproj", "{793A7A5D-A4F3-4853-ADDA-4BB38117DB24}"
EndProject
Project("{2150E333-8FDC-42A3-9474-1A3956D46DE8}") = "Apps", "Apps", "{5BF1289A-1427-4306-B2E1-51E0770B6B75}"
EndProject
Project("{2150E333-8FDC-42A3-9474-1A3956D46DE8}") = "AppDocs", "AppDocs", "{DC193F44-8A37-4005-947E-73F0C91C223C}"
	ProjectSection(SolutionItems) = preProject
		.editorconfig = .editorconfig
		.gitattributes = .gitattributes
		.gitignore = .gitignore
		CONTRIBUTE.md = CONTRIBUTE.md
		LICENSE.md = LICENSE.md
		README.md = README.md
		README_KR.md = README_KR.md
		version.json = version.json
	EndProjectSection
EndProject
Project("{2150E333-8FDC-42A3-9474-1A3956D46DE8}") = "Shared", "Shared", "{89CC8AAB-466A-47B6-98B9-93EB379F55A7}"
EndProject
Project("{2150E333-8FDC-42A3-9474-1A3956D46DE8}") = "Widgets", "Widgets", "{B32F5E62-3357-4FE1-BEB3-7CDED236BA66}"
EndProject
Project("{C7167F0D-BC9F-4E6E-AFE1-012C56B48DB5}") = "Corathing.Package", "src\Apps\Corathing.Package\Corathing.Package.wapproj", "{38B75A92-3E9F-4198-9C9A-BF30A31BE45B}"
EndProject
Project("{9A19103F-16F7-4668-BE54-9A1E7A4F7556}") = "Corathing.Organizer.UnitTests", "src\Apps\Corathing.Organizer.UnitTests\Corathing.Organizer.UnitTests.csproj", "{20E9EB36-05A9-4C3D-8F19-6EB85DD4C733}"
EndProject
Project("{9A19103F-16F7-4668-BE54-9A1E7A4F7556}") = "Corathing.Contracts", "src\Shared\Corathing.Contracts\Corathing.Contracts.csproj", "{C952CC3C-2AEE-44B3-931C-59877770A846}"
EndProject
Project("{9A19103F-16F7-4668-BE54-9A1E7A4F7556}") = "Corathing.Dashboards.WPF", "src\Shared\Corathing.Dashboards.WPF\Corathing.Dashboards.WPF.csproj", "{2B5148C8-F3C9-4B81-B156-1B6CF1FF4CAD}"
EndProject
Project("{9A19103F-16F7-4668-BE54-9A1E7A4F7556}") = "Corathing.Dashboards", "src\Shared\Corathing.Dashboards\Corathing.Dashboards.csproj", "{B07D1162-D70E-4CCB-8F13-2E21611B9214}"
EndProject
Project("{9A19103F-16F7-4668-BE54-9A1E7A4F7556}") = "Corathing.Widgets.Basics", "src\Widgets\Corathing.Widgets.Basics\Corathing.Widgets.Basics.csproj", "{8BB7B29E-4684-4F2F-9932-698FDAD2FCDA}"
EndProject
Global
	GlobalSection(SolutionConfigurationPlatforms) = preSolution
		Debug|Any CPU = Debug|Any CPU
		Debug|ARM = Debug|ARM
		Debug|ARM64 = Debug|ARM64
		Debug|x64 = Debug|x64
		Debug|x86 = Debug|x86
		Release|Any CPU = Release|Any CPU
		Release|ARM = Release|ARM
		Release|ARM64 = Release|ARM64
		Release|x64 = Release|x64
		Release|x86 = Release|x86
	EndGlobalSection
	GlobalSection(ProjectConfigurationPlatforms) = postSolution
		{793A7A5D-A4F3-4853-ADDA-4BB38117DB24}.Debug|Any CPU.ActiveCfg = Debug|Any CPU
		{793A7A5D-A4F3-4853-ADDA-4BB38117DB24}.Debug|Any CPU.Build.0 = Debug|Any CPU
		{793A7A5D-A4F3-4853-ADDA-4BB38117DB24}.Debug|ARM.ActiveCfg = Debug|Any CPU
		{793A7A5D-A4F3-4853-ADDA-4BB38117DB24}.Debug|ARM.Build.0 = Debug|Any CPU
		{793A7A5D-A4F3-4853-ADDA-4BB38117DB24}.Debug|ARM64.ActiveCfg = Debug|Any CPU
		{793A7A5D-A4F3-4853-ADDA-4BB38117DB24}.Debug|ARM64.Build.0 = Debug|Any CPU
		{793A7A5D-A4F3-4853-ADDA-4BB38117DB24}.Debug|x64.ActiveCfg = Debug|Any CPU
		{793A7A5D-A4F3-4853-ADDA-4BB38117DB24}.Debug|x64.Build.0 = Debug|Any CPU
		{793A7A5D-A4F3-4853-ADDA-4BB38117DB24}.Debug|x86.ActiveCfg = Debug|Any CPU
		{793A7A5D-A4F3-4853-ADDA-4BB38117DB24}.Debug|x86.Build.0 = Debug|Any CPU
		{793A7A5D-A4F3-4853-ADDA-4BB38117DB24}.Release|Any CPU.ActiveCfg = Release|Any CPU
		{793A7A5D-A4F3-4853-ADDA-4BB38117DB24}.Release|Any CPU.Build.0 = Release|Any CPU
		{793A7A5D-A4F3-4853-ADDA-4BB38117DB24}.Release|ARM.ActiveCfg = Release|Any CPU
		{793A7A5D-A4F3-4853-ADDA-4BB38117DB24}.Release|ARM.Build.0 = Release|Any CPU
		{793A7A5D-A4F3-4853-ADDA-4BB38117DB24}.Release|ARM64.ActiveCfg = Release|Any CPU
		{793A7A5D-A4F3-4853-ADDA-4BB38117DB24}.Release|ARM64.Build.0 = Release|Any CPU
		{793A7A5D-A4F3-4853-ADDA-4BB38117DB24}.Release|x64.ActiveCfg = Release|Any CPU
		{793A7A5D-A4F3-4853-ADDA-4BB38117DB24}.Release|x64.Build.0 = Release|Any CPU
		{793A7A5D-A4F3-4853-ADDA-4BB38117DB24}.Release|x86.ActiveCfg = Release|Any CPU
		{793A7A5D-A4F3-4853-ADDA-4BB38117DB24}.Release|x86.Build.0 = Release|Any CPU
		{38B75A92-3E9F-4198-9C9A-BF30A31BE45B}.Debug|Any CPU.ActiveCfg = Debug|Any CPU
		{38B75A92-3E9F-4198-9C9A-BF30A31BE45B}.Debug|Any CPU.Build.0 = Debug|Any CPU
		{38B75A92-3E9F-4198-9C9A-BF30A31BE45B}.Debug|Any CPU.Deploy.0 = Debug|Any CPU
		{38B75A92-3E9F-4198-9C9A-BF30A31BE45B}.Debug|ARM.ActiveCfg = Debug|ARM
		{38B75A92-3E9F-4198-9C9A-BF30A31BE45B}.Debug|ARM.Build.0 = Debug|ARM
		{38B75A92-3E9F-4198-9C9A-BF30A31BE45B}.Debug|ARM.Deploy.0 = Debug|ARM
		{38B75A92-3E9F-4198-9C9A-BF30A31BE45B}.Debug|ARM64.ActiveCfg = Debug|ARM64
		{38B75A92-3E9F-4198-9C9A-BF30A31BE45B}.Debug|ARM64.Build.0 = Debug|ARM64
		{38B75A92-3E9F-4198-9C9A-BF30A31BE45B}.Debug|ARM64.Deploy.0 = Debug|ARM64
		{38B75A92-3E9F-4198-9C9A-BF30A31BE45B}.Debug|x64.ActiveCfg = Debug|x64
		{38B75A92-3E9F-4198-9C9A-BF30A31BE45B}.Debug|x64.Build.0 = Debug|x64
		{38B75A92-3E9F-4198-9C9A-BF30A31BE45B}.Debug|x64.Deploy.0 = Debug|x64
		{38B75A92-3E9F-4198-9C9A-BF30A31BE45B}.Debug|x86.ActiveCfg = Debug|x86
		{38B75A92-3E9F-4198-9C9A-BF30A31BE45B}.Debug|x86.Build.0 = Debug|x86
		{38B75A92-3E9F-4198-9C9A-BF30A31BE45B}.Debug|x86.Deploy.0 = Debug|x86
		{38B75A92-3E9F-4198-9C9A-BF30A31BE45B}.Release|Any CPU.ActiveCfg = Release|Any CPU
		{38B75A92-3E9F-4198-9C9A-BF30A31BE45B}.Release|Any CPU.Build.0 = Release|Any CPU
		{38B75A92-3E9F-4198-9C9A-BF30A31BE45B}.Release|Any CPU.Deploy.0 = Release|Any CPU
		{38B75A92-3E9F-4198-9C9A-BF30A31BE45B}.Release|ARM.ActiveCfg = Release|ARM
		{38B75A92-3E9F-4198-9C9A-BF30A31BE45B}.Release|ARM.Build.0 = Release|ARM
		{38B75A92-3E9F-4198-9C9A-BF30A31BE45B}.Release|ARM.Deploy.0 = Release|ARM
		{38B75A92-3E9F-4198-9C9A-BF30A31BE45B}.Release|ARM64.ActiveCfg = Release|ARM64
		{38B75A92-3E9F-4198-9C9A-BF30A31BE45B}.Release|ARM64.Build.0 = Release|ARM64
		{38B75A92-3E9F-4198-9C9A-BF30A31BE45B}.Release|ARM64.Deploy.0 = Release|ARM64
		{38B75A92-3E9F-4198-9C9A-BF30A31BE45B}.Release|x64.ActiveCfg = Release|x64
		{38B75A92-3E9F-4198-9C9A-BF30A31BE45B}.Release|x64.Build.0 = Release|x64
		{38B75A92-3E9F-4198-9C9A-BF30A31BE45B}.Release|x64.Deploy.0 = Release|x64
		{38B75A92-3E9F-4198-9C9A-BF30A31BE45B}.Release|x86.ActiveCfg = Release|x86
		{38B75A92-3E9F-4198-9C9A-BF30A31BE45B}.Release|x86.Build.0 = Release|x86
		{38B75A92-3E9F-4198-9C9A-BF30A31BE45B}.Release|x86.Deploy.0 = Release|x86
		{20E9EB36-05A9-4C3D-8F19-6EB85DD4C733}.Debug|Any CPU.ActiveCfg = Debug|Any CPU
		{20E9EB36-05A9-4C3D-8F19-6EB85DD4C733}.Debug|Any CPU.Build.0 = Debug|Any CPU
		{20E9EB36-05A9-4C3D-8F19-6EB85DD4C733}.Debug|ARM.ActiveCfg = Debug|Any CPU
		{20E9EB36-05A9-4C3D-8F19-6EB85DD4C733}.Debug|ARM.Build.0 = Debug|Any CPU
		{20E9EB36-05A9-4C3D-8F19-6EB85DD4C733}.Debug|ARM64.ActiveCfg = Debug|Any CPU
		{20E9EB36-05A9-4C3D-8F19-6EB85DD4C733}.Debug|ARM64.Build.0 = Debug|Any CPU
		{20E9EB36-05A9-4C3D-8F19-6EB85DD4C733}.Debug|x64.ActiveCfg = Debug|Any CPU
		{20E9EB36-05A9-4C3D-8F19-6EB85DD4C733}.Debug|x64.Build.0 = Debug|Any CPU
		{20E9EB36-05A9-4C3D-8F19-6EB85DD4C733}.Debug|x86.ActiveCfg = Debug|Any CPU
		{20E9EB36-05A9-4C3D-8F19-6EB85DD4C733}.Debug|x86.Build.0 = Debug|Any CPU
		{20E9EB36-05A9-4C3D-8F19-6EB85DD4C733}.Release|Any CPU.ActiveCfg = Release|Any CPU
		{20E9EB36-05A9-4C3D-8F19-6EB85DD4C733}.Release|Any CPU.Build.0 = Release|Any CPU
		{20E9EB36-05A9-4C3D-8F19-6EB85DD4C733}.Release|ARM.ActiveCfg = Release|Any CPU
		{20E9EB36-05A9-4C3D-8F19-6EB85DD4C733}.Release|ARM.Build.0 = Release|Any CPU
		{20E9EB36-05A9-4C3D-8F19-6EB85DD4C733}.Release|ARM64.ActiveCfg = Release|Any CPU
		{20E9EB36-05A9-4C3D-8F19-6EB85DD4C733}.Release|ARM64.Build.0 = Release|Any CPU
		{20E9EB36-05A9-4C3D-8F19-6EB85DD4C733}.Release|x64.ActiveCfg = Release|Any CPU
		{20E9EB36-05A9-4C3D-8F19-6EB85DD4C733}.Release|x64.Build.0 = Release|Any CPU
		{20E9EB36-05A9-4C3D-8F19-6EB85DD4C733}.Release|x86.ActiveCfg = Release|Any CPU
		{20E9EB36-05A9-4C3D-8F19-6EB85DD4C733}.Release|x86.Build.0 = Release|Any CPU
		{C952CC3C-2AEE-44B3-931C-59877770A846}.Debug|Any CPU.ActiveCfg = Debug|Any CPU
		{C952CC3C-2AEE-44B3-931C-59877770A846}.Debug|Any CPU.Build.0 = Debug|Any CPU
		{C952CC3C-2AEE-44B3-931C-59877770A846}.Debug|ARM.ActiveCfg = Debug|Any CPU
		{C952CC3C-2AEE-44B3-931C-59877770A846}.Debug|ARM.Build.0 = Debug|Any CPU
		{C952CC3C-2AEE-44B3-931C-59877770A846}.Debug|ARM64.ActiveCfg = Debug|Any CPU
		{C952CC3C-2AEE-44B3-931C-59877770A846}.Debug|ARM64.Build.0 = Debug|Any CPU
		{C952CC3C-2AEE-44B3-931C-59877770A846}.Debug|x64.ActiveCfg = Debug|Any CPU
		{C952CC3C-2AEE-44B3-931C-59877770A846}.Debug|x64.Build.0 = Debug|Any CPU
		{C952CC3C-2AEE-44B3-931C-59877770A846}.Debug|x86.ActiveCfg = Debug|Any CPU
		{C952CC3C-2AEE-44B3-931C-59877770A846}.Debug|x86.Build.0 = Debug|Any CPU
		{C952CC3C-2AEE-44B3-931C-59877770A846}.Release|Any CPU.ActiveCfg = Release|Any CPU
		{C952CC3C-2AEE-44B3-931C-59877770A846}.Release|Any CPU.Build.0 = Release|Any CPU
		{C952CC3C-2AEE-44B3-931C-59877770A846}.Release|ARM.ActiveCfg = Release|Any CPU
		{C952CC3C-2AEE-44B3-931C-59877770A846}.Release|ARM.Build.0 = Release|Any CPU
		{C952CC3C-2AEE-44B3-931C-59877770A846}.Release|ARM64.ActiveCfg = Release|Any CPU
		{C952CC3C-2AEE-44B3-931C-59877770A846}.Release|ARM64.Build.0 = Release|Any CPU
		{C952CC3C-2AEE-44B3-931C-59877770A846}.Release|x64.ActiveCfg = Release|Any CPU
		{C952CC3C-2AEE-44B3-931C-59877770A846}.Release|x64.Build.0 = Release|Any CPU
		{C952CC3C-2AEE-44B3-931C-59877770A846}.Release|x86.ActiveCfg = Release|Any CPU
		{C952CC3C-2AEE-44B3-931C-59877770A846}.Release|x86.Build.0 = Release|Any CPU
		{2B5148C8-F3C9-4B81-B156-1B6CF1FF4CAD}.Debug|Any CPU.ActiveCfg = Debug|Any CPU
		{2B5148C8-F3C9-4B81-B156-1B6CF1FF4CAD}.Debug|Any CPU.Build.0 = Debug|Any CPU
		{2B5148C8-F3C9-4B81-B156-1B6CF1FF4CAD}.Debug|ARM.ActiveCfg = Debug|Any CPU
		{2B5148C8-F3C9-4B81-B156-1B6CF1FF4CAD}.Debug|ARM.Build.0 = Debug|Any CPU
		{2B5148C8-F3C9-4B81-B156-1B6CF1FF4CAD}.Debug|ARM64.ActiveCfg = Debug|Any CPU
		{2B5148C8-F3C9-4B81-B156-1B6CF1FF4CAD}.Debug|ARM64.Build.0 = Debug|Any CPU
		{2B5148C8-F3C9-4B81-B156-1B6CF1FF4CAD}.Debug|x64.ActiveCfg = Debug|Any CPU
		{2B5148C8-F3C9-4B81-B156-1B6CF1FF4CAD}.Debug|x64.Build.0 = Debug|Any CPU
		{2B5148C8-F3C9-4B81-B156-1B6CF1FF4CAD}.Debug|x86.ActiveCfg = Debug|Any CPU
		{2B5148C8-F3C9-4B81-B156-1B6CF1FF4CAD}.Debug|x86.Build.0 = Debug|Any CPU
		{2B5148C8-F3C9-4B81-B156-1B6CF1FF4CAD}.Release|Any CPU.ActiveCfg = Release|Any CPU
		{2B5148C8-F3C9-4B81-B156-1B6CF1FF4CAD}.Release|Any CPU.Build.0 = Release|Any CPU
		{2B5148C8-F3C9-4B81-B156-1B6CF1FF4CAD}.Release|ARM.ActiveCfg = Release|Any CPU
		{2B5148C8-F3C9-4B81-B156-1B6CF1FF4CAD}.Release|ARM.Build.0 = Release|Any CPU
		{2B5148C8-F3C9-4B81-B156-1B6CF1FF4CAD}.Release|ARM64.ActiveCfg = Release|Any CPU
		{2B5148C8-F3C9-4B81-B156-1B6CF1FF4CAD}.Release|ARM64.Build.0 = Release|Any CPU
		{2B5148C8-F3C9-4B81-B156-1B6CF1FF4CAD}.Release|x64.ActiveCfg = Release|Any CPU
		{2B5148C8-F3C9-4B81-B156-1B6CF1FF4CAD}.Release|x64.Build.0 = Release|Any CPU
		{2B5148C8-F3C9-4B81-B156-1B6CF1FF4CAD}.Release|x86.ActiveCfg = Release|Any CPU
		{2B5148C8-F3C9-4B81-B156-1B6CF1FF4CAD}.Release|x86.Build.0 = Release|Any CPU
		{B07D1162-D70E-4CCB-8F13-2E21611B9214}.Debug|Any CPU.ActiveCfg = Debug|Any CPU
		{B07D1162-D70E-4CCB-8F13-2E21611B9214}.Debug|Any CPU.Build.0 = Debug|Any CPU
		{B07D1162-D70E-4CCB-8F13-2E21611B9214}.Debug|ARM.ActiveCfg = Debug|Any CPU
		{B07D1162-D70E-4CCB-8F13-2E21611B9214}.Debug|ARM.Build.0 = Debug|Any CPU
		{B07D1162-D70E-4CCB-8F13-2E21611B9214}.Debug|ARM64.ActiveCfg = Debug|Any CPU
		{B07D1162-D70E-4CCB-8F13-2E21611B9214}.Debug|ARM64.Build.0 = Debug|Any CPU
		{B07D1162-D70E-4CCB-8F13-2E21611B9214}.Debug|x64.ActiveCfg = Debug|Any CPU
		{B07D1162-D70E-4CCB-8F13-2E21611B9214}.Debug|x64.Build.0 = Debug|Any CPU
		{B07D1162-D70E-4CCB-8F13-2E21611B9214}.Debug|x86.ActiveCfg = Debug|Any CPU
		{B07D1162-D70E-4CCB-8F13-2E21611B9214}.Debug|x86.Build.0 = Debug|Any CPU
		{B07D1162-D70E-4CCB-8F13-2E21611B9214}.Release|Any CPU.ActiveCfg = Release|Any CPU
		{B07D1162-D70E-4CCB-8F13-2E21611B9214}.Release|Any CPU.Build.0 = Release|Any CPU
		{B07D1162-D70E-4CCB-8F13-2E21611B9214}.Release|ARM.ActiveCfg = Release|Any CPU
		{B07D1162-D70E-4CCB-8F13-2E21611B9214}.Release|ARM.Build.0 = Release|Any CPU
		{B07D1162-D70E-4CCB-8F13-2E21611B9214}.Release|ARM64.ActiveCfg = Release|Any CPU
		{B07D1162-D70E-4CCB-8F13-2E21611B9214}.Release|ARM64.Build.0 = Release|Any CPU
		{B07D1162-D70E-4CCB-8F13-2E21611B9214}.Release|x64.ActiveCfg = Release|Any CPU
		{B07D1162-D70E-4CCB-8F13-2E21611B9214}.Release|x64.Build.0 = Release|Any CPU
		{B07D1162-D70E-4CCB-8F13-2E21611B9214}.Release|x86.ActiveCfg = Release|Any CPU
		{B07D1162-D70E-4CCB-8F13-2E21611B9214}.Release|x86.Build.0 = Release|Any CPU
		{8BB7B29E-4684-4F2F-9932-698FDAD2FCDA}.Debug|Any CPU.ActiveCfg = Debug|Any CPU
		{8BB7B29E-4684-4F2F-9932-698FDAD2FCDA}.Debug|Any CPU.Build.0 = Debug|Any CPU
		{8BB7B29E-4684-4F2F-9932-698FDAD2FCDA}.Debug|ARM.ActiveCfg = Debug|Any CPU
		{8BB7B29E-4684-4F2F-9932-698FDAD2FCDA}.Debug|ARM.Build.0 = Debug|Any CPU
		{8BB7B29E-4684-4F2F-9932-698FDAD2FCDA}.Debug|ARM64.ActiveCfg = Debug|Any CPU
		{8BB7B29E-4684-4F2F-9932-698FDAD2FCDA}.Debug|ARM64.Build.0 = Debug|Any CPU
		{8BB7B29E-4684-4F2F-9932-698FDAD2FCDA}.Debug|x64.ActiveCfg = Debug|Any CPU
		{8BB7B29E-4684-4F2F-9932-698FDAD2FCDA}.Debug|x64.Build.0 = Debug|Any CPU
		{8BB7B29E-4684-4F2F-9932-698FDAD2FCDA}.Debug|x86.ActiveCfg = Debug|Any CPU
		{8BB7B29E-4684-4F2F-9932-698FDAD2FCDA}.Debug|x86.Build.0 = Debug|Any CPU
		{8BB7B29E-4684-4F2F-9932-698FDAD2FCDA}.Release|Any CPU.ActiveCfg = Release|Any CPU
		{8BB7B29E-4684-4F2F-9932-698FDAD2FCDA}.Release|Any CPU.Build.0 = Release|Any CPU
		{8BB7B29E-4684-4F2F-9932-698FDAD2FCDA}.Release|ARM.ActiveCfg = Release|Any CPU
		{8BB7B29E-4684-4F2F-9932-698FDAD2FCDA}.Release|ARM.Build.0 = Release|Any CPU
		{8BB7B29E-4684-4F2F-9932-698FDAD2FCDA}.Release|ARM64.ActiveCfg = Release|Any CPU
		{8BB7B29E-4684-4F2F-9932-698FDAD2FCDA}.Release|ARM64.Build.0 = Release|Any CPU
		{8BB7B29E-4684-4F2F-9932-698FDAD2FCDA}.Release|x64.ActiveCfg = Release|Any CPU
		{8BB7B29E-4684-4F2F-9932-698FDAD2FCDA}.Release|x64.Build.0 = Release|Any CPU
		{8BB7B29E-4684-4F2F-9932-698FDAD2FCDA}.Release|x86.ActiveCfg = Release|Any CPU
		{8BB7B29E-4684-4F2F-9932-698FDAD2FCDA}.Release|x86.Build.0 = Release|Any CPU
	EndGlobalSection
	GlobalSection(SolutionProperties) = preSolution
		HideSolutionNode = FALSE
	EndGlobalSection
	GlobalSection(NestedProjects) = preSolution
		{793A7A5D-A4F3-4853-ADDA-4BB38117DB24} = {5BF1289A-1427-4306-B2E1-51E0770B6B75}
		{38B75A92-3E9F-4198-9C9A-BF30A31BE45B} = {5BF1289A-1427-4306-B2E1-51E0770B6B75}
		{20E9EB36-05A9-4C3D-8F19-6EB85DD4C733} = {5BF1289A-1427-4306-B2E1-51E0770B6B75}
		{C952CC3C-2AEE-44B3-931C-59877770A846} = {89CC8AAB-466A-47B6-98B9-93EB379F55A7}
		{2B5148C8-F3C9-4B81-B156-1B6CF1FF4CAD} = {89CC8AAB-466A-47B6-98B9-93EB379F55A7}
		{B07D1162-D70E-4CCB-8F13-2E21611B9214} = {89CC8AAB-466A-47B6-98B9-93EB379F55A7}
		{8BB7B29E-4684-4F2F-9932-698FDAD2FCDA} = {B32F5E62-3357-4FE1-BEB3-7CDED236BA66}
	EndGlobalSection
	GlobalSection(ExtensibilityGlobals) = postSolution
		SolutionGuid = {FC027A8C-0C58-494B-BE76-F403F0336A74}
	EndGlobalSection
EndGlobal
